
Microsoft Visual Studio Solution File, Format Version 12.00
# Visual Studio 2012
Project("{FAE04EC0-301F-11D3-BF4B-00C04F79EFBC}") = "DataBase", "DataBase\DataBase.csproj", "{80A2402D-97FA-467A-8319-CA4E0FE7FD0C}"
EndProject
Project("{FAE04EC0-301F-11D3-BF4B-00C04F79EFBC}") = "WPFView", "WPFView\WPFView.csproj", "{2467F4B3-A012-4C1C-BF88-26D6051EA03F}"
EndProject
Project("{6141683F-8A12-4E36-9623-2EB02B2C2303}") = "LobosYCaperucitasInstalador", "LobosYCaperucitasInstalador\LobosYCaperucitasInstalador.isproj", "{0637B84A-B533-46E9-B409-2CEB4EC152D1}"
	ProjectSection(ProjectDependencies) = postProject
		{2467F4B3-A012-4C1C-BF88-26D6051EA03F} = {2467F4B3-A012-4C1C-BF88-26D6051EA03F}
	EndProjectSection
EndProject
Global
	GlobalSection(SolutionConfigurationPlatforms) = preSolution
		CD_ROM|Any CPU = CD_ROM|Any CPU
		Debug|Any CPU = Debug|Any CPU
		DVD-5|Any CPU = DVD-5|Any CPU
		Release|Any CPU = Release|Any CPU
		SingleImage|Any CPU = SingleImage|Any CPU
	EndGlobalSection
	GlobalSection(ProjectConfigurationPlatforms) = postSolution
		{80A2402D-97FA-467A-8319-CA4E0FE7FD0C}.CD_ROM|Any CPU.ActiveCfg = Release|Any CPU
		{80A2402D-97FA-467A-8319-CA4E0FE7FD0C}.CD_ROM|Any CPU.Build.0 = Release|Any CPU
		{80A2402D-97FA-467A-8319-CA4E0FE7FD0C}.Debug|Any CPU.ActiveCfg = Debug|Any CPU
		{80A2402D-97FA-467A-8319-CA4E0FE7FD0C}.Debug|Any CPU.Build.0 = Debug|Any CPU
		{80A2402D-97FA-467A-8319-CA4E0FE7FD0C}.DVD-5|Any CPU.ActiveCfg = Debug|Any CPU
		{80A2402D-97FA-467A-8319-CA4E0FE7FD0C}.DVD-5|Any CPU.Build.0 = Debug|Any CPU
		{80A2402D-97FA-467A-8319-CA4E0FE7FD0C}.Release|Any CPU.ActiveCfg = Release|Any CPU
		{80A2402D-97FA-467A-8319-CA4E0FE7FD0C}.Release|Any CPU.Build.0 = Release|Any CPU
		{80A2402D-97FA-467A-8319-CA4E0FE7FD0C}.SingleImage|Any CPU.ActiveCfg = Release|Any CPU
		{80A2402D-97FA-467A-8319-CA4E0FE7FD0C}.SingleImage|Any CPU.Build.0 = Release|Any CPU
		{2467F4B3-A012-4C1C-BF88-26D6051EA03F}.CD_ROM|Any CPU.ActiveCfg = Release|Any CPU
		{2467F4B3-A012-4C1C-BF88-26D6051EA03F}.CD_ROM|Any CPU.Build.0 = Release|Any CPU
		{2467F4B3-A012-4C1C-BF88-26D6051EA03F}.Debug|Any CPU.ActiveCfg = Debug|Any CPU
		{2467F4B3-A012-4C1C-BF88-26D6051EA03F}.Debug|Any CPU.Build.0 = Debug|Any CPU
		{2467F4B3-A012-4C1C-BF88-26D6051EA03F}.DVD-5|Any CPU.ActiveCfg = Debug|Any CPU
		{2467F4B3-A012-4C1C-BF88-26D6051EA03F}.DVD-5|Any CPU.Build.0 = Debug|Any CPU
		{2467F4B3-A012-4C1C-BF88-26D6051EA03F}.Release|Any CPU.ActiveCfg = Release|Any CPU
		{2467F4B3-A012-4C1C-BF88-26D6051EA03F}.Release|Any CPU.Build.0 = Release|Any CPU
		{2467F4B3-A012-4C1C-BF88-26D6051EA03F}.SingleImage|Any CPU.ActiveCfg = Release|Any CPU
		{2467F4B3-A012-4C1C-BF88-26D6051EA03F}.SingleImage|Any CPU.Build.0 = Release|Any CPU
		{0637B84A-B533-46E9-B409-2CEB4EC152D1}.CD_ROM|Any CPU.ActiveCfg = CD_ROM
		{0637B84A-B533-46E9-B409-2CEB4EC152D1}.CD_ROM|Any CPU.Build.0 = CD_ROM
		{0637B84A-B533-46E9-B409-2CEB4EC152D1}.Debug|Any CPU.ActiveCfg = DVD-5
		{0637B84A-B533-46E9-B409-2CEB4EC152D1}.Debug|Any CPU.Build.0 = DVD-5
		{0637B84A-B533-46E9-B409-2CEB4EC152D1}.DVD-5|Any CPU.ActiveCfg = DVD-5
		{0637B84A-B533-46E9-B409-2CEB4EC152D1}.DVD-5|Any CPU.Build.0 = DVD-5
		{0637B84A-B533-46E9-B409-2CEB4EC152D1}.Release|Any CPU.ActiveCfg = SingleImage
		{0637B84A-B533-46E9-B409-2CEB4EC152D1}.Release|Any CPU.Build.0 = SingleImage
		{0637B84A-B533-46E9-B409-2CEB4EC152D1}.SingleImage|Any CPU.ActiveCfg = SingleImage
		{0637B84A-B533-46E9-B409-2CEB4EC152D1}.SingleImage|Any CPU.Build.0 = SingleImage
	EndGlobalSection
	GlobalSection(SolutionProperties) = preSolution
		HideSolutionNode = FALSE
	EndGlobalSection
EndGlobal
